
Microsoft Visual Studio Solution File, Format Version 12.00
# Visual Studio 2013
VisualStudioVersion = 12.0.21005.1
MinimumVisualStudioVersion = 10.0.40219.1
Project("{2150E333-8FDC-42A3-9474-1A3956D46DE8}") = "Core", "Core", "{5EA3B4AC-C9FB-4C57-BD08-6E249CBD3E01}"
EndProject
Project("{2150E333-8FDC-42A3-9474-1A3956D46DE8}") = "Infrastructure", "Infrastructure", "{16CBA378-4F21-434D-8F2B-7A9CE81CEAD7}"
EndProject
Project("{2150E333-8FDC-42A3-9474-1A3956D46DE8}") = "Presentation", "Presentation", "{EC904F44-7115-4821-9D12-919132DA9636}"
EndProject
Project("{2150E333-8FDC-42A3-9474-1A3956D46DE8}") = "Tests", "Tests", "{AD46C9C5-E4EB-4F48-B538-016767F9D59F}"
EndProject
Project("{FAE04EC0-301F-11D3-BF4B-00C04F79EFBC}") = "LuaBijoux.Core", "LuaBijoux.Core\LuaBijoux.Core.csproj", "{91826647-9DA6-4ADB-AF14-21AD487D91CD}"
EndProject
Project("{FAE04EC0-301F-11D3-BF4B-00C04F79EFBC}") = "LuaBijoux.Services", "LuaBijoux.Services\LuaBijoux.Services.csproj", "{4352FA6D-68E8-4453-A624-792A8A91E920}"
EndProject
Project("{FAE04EC0-301F-11D3-BF4B-00C04F79EFBC}") = "LuaBijoux.Bootstrapper", "LuaBijoux.Bootstrapper\LuaBijoux.Bootstrapper.csproj", "{6B5095D1-9B27-4BF1-8A7C-D4223B8A72D6}"
EndProject
Project("{FAE04EC0-301F-11D3-BF4B-00C04F79EFBC}") = "LuaBijoux.Data", "LuaBijoux.Data\LuaBijoux.Data.csproj", "{597AE912-316C-4A1D-80A1-AF8C07676449}"
EndProject
Project("{FAE04EC0-301F-11D3-BF4B-00C04F79EFBC}") = "LuaBijoux.Infrastructure", "LuaBijoux.Infrastructure\LuaBijoux.Infrastructure.csproj", "{63B3C385-8888-4070-9850-26D125E34179}"
EndProject
Project("{FAE04EC0-301F-11D3-BF4B-00C04F79EFBC}") = "LuaBijoux.Web", "LuaBijoux.Web\LuaBijoux.Web.csproj", "{FA0C3074-C09D-45F2-A57E-1EDA52E794C8}"
EndProject
Project("{2150E333-8FDC-42A3-9474-1A3956D46DE8}") = "Business", "Business", "{587F4177-744D-4A34-9467-5331BE85EE99}"
EndProject
Global
	GlobalSection(SolutionConfigurationPlatforms) = preSolution
		Debug|Any CPU = Debug|Any CPU
		Release|Any CPU = Release|Any CPU
	EndGlobalSection
	GlobalSection(ProjectConfigurationPlatforms) = postSolution
		{91826647-9DA6-4ADB-AF14-21AD487D91CD}.Debug|Any CPU.ActiveCfg = Debug|Any CPU
		{91826647-9DA6-4ADB-AF14-21AD487D91CD}.Debug|Any CPU.Build.0 = Debug|Any CPU
		{91826647-9DA6-4ADB-AF14-21AD487D91CD}.Release|Any CPU.ActiveCfg = Release|Any CPU
		{91826647-9DA6-4ADB-AF14-21AD487D91CD}.Release|Any CPU.Build.0 = Release|Any CPU
		{4352FA6D-68E8-4453-A624-792A8A91E920}.Debug|Any CPU.ActiveCfg = Debug|Any CPU
		{4352FA6D-68E8-4453-A624-792A8A91E920}.Debug|Any CPU.Build.0 = Debug|Any CPU
		{4352FA6D-68E8-4453-A624-792A8A91E920}.Release|Any CPU.ActiveCfg = Release|Any CPU
		{4352FA6D-68E8-4453-A624-792A8A91E920}.Release|Any CPU.Build.0 = Release|Any CPU
		{6B5095D1-9B27-4BF1-8A7C-D4223B8A72D6}.Debug|Any CPU.ActiveCfg = Debug|Any CPU
		{6B5095D1-9B27-4BF1-8A7C-D4223B8A72D6}.Debug|Any CPU.Build.0 = Debug|Any CPU
		{6B5095D1-9B27-4BF1-8A7C-D4223B8A72D6}.Release|Any CPU.ActiveCfg = Release|Any CPU
		{6B5095D1-9B27-4BF1-8A7C-D4223B8A72D6}.Release|Any CPU.Build.0 = Release|Any CPU
		{597AE912-316C-4A1D-80A1-AF8C07676449}.Debug|Any CPU.ActiveCfg = Debug|Any CPU
		{597AE912-316C-4A1D-80A1-AF8C07676449}.Debug|Any CPU.Build.0 = Debug|Any CPU
		{597AE912-316C-4A1D-80A1-AF8C07676449}.Release|Any CPU.ActiveCfg = Release|Any CPU
		{597AE912-316C-4A1D-80A1-AF8C07676449}.Release|Any CPU.Build.0 = Release|Any CPU
		{63B3C385-8888-4070-9850-26D125E34179}.Debug|Any CPU.ActiveCfg = Debug|Any CPU
		{63B3C385-8888-4070-9850-26D125E34179}.Debug|Any CPU.Build.0 = Debug|Any CPU
		{63B3C385-8888-4070-9850-26D125E34179}.Release|Any CPU.ActiveCfg = Release|Any CPU
		{63B3C385-8888-4070-9850-26D125E34179}.Release|Any CPU.Build.0 = Release|Any CPU
		{FA0C3074-C09D-45F2-A57E-1EDA52E794C8}.Debug|Any CPU.ActiveCfg = Debug|Any CPU
		{FA0C3074-C09D-45F2-A57E-1EDA52E794C8}.Debug|Any CPU.Build.0 = Debug|Any CPU
		{FA0C3074-C09D-45F2-A57E-1EDA52E794C8}.Release|Any CPU.ActiveCfg = Release|Any CPU
		{FA0C3074-C09D-45F2-A57E-1EDA52E794C8}.Release|Any CPU.Build.0 = Release|Any CPU
	EndGlobalSection
	GlobalSection(SolutionProperties) = preSolution
		HideSolutionNode = FALSE
	EndGlobalSection
	GlobalSection(NestedProjects) = preSolution
		{91826647-9DA6-4ADB-AF14-21AD487D91CD} = {5EA3B4AC-C9FB-4C57-BD08-6E249CBD3E01}
		{6B5095D1-9B27-4BF1-8A7C-D4223B8A72D6} = {16CBA378-4F21-434D-8F2B-7A9CE81CEAD7}
		{597AE912-316C-4A1D-80A1-AF8C07676449} = {16CBA378-4F21-434D-8F2B-7A9CE81CEAD7}
		{63B3C385-8888-4070-9850-26D125E34179} = {16CBA378-4F21-434D-8F2B-7A9CE81CEAD7}
		{FA0C3074-C09D-45F2-A57E-1EDA52E794C8} = {EC904F44-7115-4821-9D12-919132DA9636}
		{4352FA6D-68E8-4453-A624-792A8A91E920} = {587F4177-744D-4A34-9467-5331BE85EE99}
	EndGlobalSection
EndGlobal
